
Microsoft Visual Studio Solution File, Format Version 12.00
# Visual Studio Version 16
VisualStudioVersion = 16.0.30104.148
MinimumVisualStudioVersion = 10.0.40219.1
Project("{FAE04EC0-301F-11D3-BF4B-00C04F79EFBC}") = "Lista", "Lista\Lista.csproj", "{4744C3B0-50C7-41A8-8A5F-4774B0F427B0}"
EndProject
Global
	GlobalSection(SolutionConfigurationPlatforms) = preSolution
		Debug|Any CPU = Debug|Any CPU
		Release|Any CPU = Release|Any CPU
	EndGlobalSection
	GlobalSection(ProjectConfigurationPlatforms) = postSolution
		{4744C3B0-50C7-41A8-8A5F-4774B0F427B0}.Debug|Any CPU.ActiveCfg = Debug|Any CPU
		{4744C3B0-50C7-41A8-8A5F-4774B0F427B0}.Debug|Any CPU.Build.0 = Debug|Any CPU
		{4744C3B0-50C7-41A8-8A5F-4774B0F427B0}.Release|Any CPU.ActiveCfg = Release|Any CPU
		{4744C3B0-50C7-41A8-8A5F-4774B0F427B0}.Release|Any CPU.Build.0 = Release|Any CPU
	EndGlobalSection
	GlobalSection(SolutionProperties) = preSolution
		HideSolutionNode = FALSE
	EndGlobalSection
	GlobalSection(ExtensibilityGlobals) = postSolution
		SolutionGuid = {1EFABE8D-55AE-4A86-9B57-8D963A1ADCDB}
	EndGlobalSection
EndGlobal
